// !$*UTF8*$!
{
	archiveVersion = 1;
	classes = {
	};
	objectVersion = 46;
	objects = {

/* Begin PBXBuildFile section */
		10242012ACF35EE4D07DD600 /* CharacterListCollectionManager.swift in Sources */ = {isa = PBXBuildFile; fileRef = 102428127DB001AA656AA66C /* CharacterListCollectionManager.swift */; };
		1024209A3C4670E594742705 /* UITextFieldStyle.swift in Sources */ = {isa = PBXBuildFile; fileRef = 1024230024D912156C09BBBD /* UITextFieldStyle.swift */; };
		102420E24CFCC9EEC1B31C13 /* UIButtonStyle.swift in Sources */ = {isa = PBXBuildFile; fileRef = 102424A8396A7E781EF90EEC /* UIButtonStyle.swift */; };
		10242130655C6026D03ECD2F /* KeyboardControlHelper.swift in Sources */ = {isa = PBXBuildFile; fileRef = 10242B9ED946006E7569D272 /* KeyboardControlHelper.swift */; };
		102421651CF320BE84CB023E /* SceneDelegate.swift in Sources */ = {isa = PBXBuildFile; fileRef = 10242CF2F2B40B5552659984 /* SceneDelegate.swift */; };
		102421E7B19FF0C9FF4A18C5 /* CharacterListCell.swift in Sources */ = {isa = PBXBuildFile; fileRef = 102424F65B5CB3E5AA5D8253 /* CharacterListCell.swift */; };
		102422CC7AAA467CA0CCEB85 /* UIViewController+Container.swift in Sources */ = {isa = PBXBuildFile; fileRef = 1024202F38D5401C71C4C9ED /* UIViewController+Container.swift */; };
		102422E914E07C3956188AD8 /* Character.swift in Sources */ = {isa = PBXBuildFile; fileRef = 102425711849F1019A89793D /* Character.swift */; };
		10242342C95D94CAB753861A /* MarvelAPIAdapter.swift in Sources */ = {isa = PBXBuildFile; fileRef = 1024253CC984B48FD09E6172 /* MarvelAPIAdapter.swift */; };
		102423A9F7647F79CEB2BA61 /* NSAttributedString+BoundingSize.swift in Sources */ = {isa = PBXBuildFile; fileRef = 10242B9DA9C5C8468CC59606 /* NSAttributedString+BoundingSize.swift */; };
		10242426D498D39FAE6014F4 /* UIView+FrameLayout.swift in Sources */ = {isa = PBXBuildFile; fileRef = 1024240B270C3E75AD7585DC /* UIView+FrameLayout.swift */; };
		102424CB926731AD696AAAC5 /* RootVCStatusBarStyleNavigationController.swift in Sources */ = {isa = PBXBuildFile; fileRef = 1024297E5D7936A48E892E66 /* RootVCStatusBarStyleNavigationController.swift */; };
		10242581CFB03723B1018BF7 /* MarvelHeroes.xcdatamodeld in Sources */ = {isa = PBXBuildFile; fileRef = 102426C08156FA260679DD47 /* MarvelHeroes.xcdatamodeld */; };
		102425A61044126B21207341 /* UIView+Autolayout.swift in Sources */ = {isa = PBXBuildFile; fileRef = 1024213C57DCCEDCDDC31F10 /* UIView+Autolayout.swift */; };
		102425C868F9F3A5C3DE71B4 /* UILabelStyle.swift in Sources */ = {isa = PBXBuildFile; fileRef = 10242A2715B07B40A360873F /* UILabelStyle.swift */; };
		102425EE796EE886C29985AF /* CommentEditorViewController.swift in Sources */ = {isa = PBXBuildFile; fileRef = 102427ED45374D1D35F00C6D /* CommentEditorViewController.swift */; };
		10242709A90A19C7BF756DA3 /* AppResources.swift in Sources */ = {isa = PBXBuildFile; fileRef = 1024228EE605B388CF7C5F4D /* AppResources.swift */; };
		10242715C175E2D60122E36E /* CharacterListCellCommentPanel.swift in Sources */ = {isa = PBXBuildFile; fileRef = 102424C2D7A8368F3F86D499 /* CharacterListCellCommentPanel.swift */; };
		1024279459369BD7D817575C /* MarvelHeroesTests.swift in Sources */ = {isa = PBXBuildFile; fileRef = 10242B68ECB016F9C9EEB668 /* MarvelHeroesTests.swift */; };
		1024279CAC4F3F2372931EED /* CharacterListViewController.swift in Sources */ = {isa = PBXBuildFile; fileRef = 102428A69935C909BEE2398A /* CharacterListViewController.swift */; };
		102427C23D2029447768E0A2 /* Notification+Keyboard.swift in Sources */ = {isa = PBXBuildFile; fileRef = 10242FAB0E213FF018748FD8 /* Notification+Keyboard.swift */; };
		102427F8A51F9A32FC6AD7F9 /* DebugKeyStoreManager.swift in Sources */ = {isa = PBXBuildFile; fileRef = 10242752A1F41C89AD47DEAE /* DebugKeyStoreManager.swift */; };
		1024284832BA82320FB48AE2 /* NSManagedObject+EntityName.swift in Sources */ = {isa = PBXBuildFile; fileRef = 10242D8D816F3376B9E481CD /* NSManagedObject+EntityName.swift */; };
		1024286C19A5969DE3A10E4A /* LaunchScreen.storyboard in Resources */ = {isa = PBXBuildFile; fileRef = 10242F0776E060FCEF72C716 /* LaunchScreen.storyboard */; };
		102428D1BB972B730921659F /* UIViewStyle.swift in Sources */ = {isa = PBXBuildFile; fileRef = 10242AFBF4BD2F0B332BF653 /* UIViewStyle.swift */; };
		102429F3C9C1244182587D15 /* CharacterListCommentSynchronizer.swift in Sources */ = {isa = PBXBuildFile; fileRef = 10242DA540EB20F25CC4E0A2 /* CharacterListCommentSynchronizer.swift */; };
		10242A1D4585E85CB0303634 /* Stylesheet.swift in Sources */ = {isa = PBXBuildFile; fileRef = 10242103DD59B3E893841BF4 /* Stylesheet.swift */; };
		10242AF0D1D85DF4BDB76B87 /* KeysEnterViewController.swift in Sources */ = {isa = PBXBuildFile; fileRef = 10242949FF540940BDD5FB6D /* KeysEnterViewController.swift */; };
		10242B608170FC5A1660061A /* Assets.xcassets in Resources */ = {isa = PBXBuildFile; fileRef = 102425B18155F41A8BEDA872 /* Assets.xcassets */; };
		10242C141B92F9C2B18B0DAB /* ResponsePageCollector.swift in Sources */ = {isa = PBXBuildFile; fileRef = 102427720A170B6DFF3A29DA /* ResponsePageCollector.swift */; };
		10242C9D8668C75EADF0ACD2 /* AppDelegate.swift in Sources */ = {isa = PBXBuildFile; fileRef = 102421F75A92005DBA7F39A8 /* AppDelegate.swift */; };
		10242CAE5458513DD0CFE8E0 /* CharacterListResponse.swift in Sources */ = {isa = PBXBuildFile; fileRef = 102425C4D5D6EA044E427775 /* CharacterListResponse.swift */; };
		10242E103503B773EE1BB550 /* Dictionary+Additions.swift in Sources */ = {isa = PBXBuildFile; fileRef = 10242F112523309FD72DD978 /* Dictionary+Additions.swift */; };
		10242FD3FFF5B6CB59526D1B /* LayoutKeyboardControlHelper.swift in Sources */ = {isa = PBXBuildFile; fileRef = 10242F0B02FC3F3CA50309E3 /* LayoutKeyboardControlHelper.swift */; };
		3C7C46AB09E8C9981F2DBF5F /* Pods_MarvelHeroesTests.framework in Frameworks */ = {isa = PBXBuildFile; fileRef = AB2F8742381C47074BAFE54B /* Pods_MarvelHeroesTests.framework */; };
		94BF5004CB71BADB013BC47C /* Pods_MarvelHeroes.framework in Frameworks */ = {isa = PBXBuildFile; fileRef = C75D2D6A9AFE850435675933 /* Pods_MarvelHeroes.framework */; };
/* End PBXBuildFile section */

/* Begin PBXContainerItemProxy section */
		102420098FB82868F6D418D7 /* PBXContainerItemProxy */ = {
			isa = PBXContainerItemProxy;
			containerPortal = 102429F681C585FBBC332AF7 /* Project object */;
			proxyType = 1;
			remoteGlobalIDString = 1024200C35581FCDDA8B9BAF;
			remoteInfo = MarvelHeroes;
		};
/* End PBXContainerItemProxy section */

/* Begin PBXFileReference section */
		0291237BF2D339D905F4DE35 /* Pods-MarvelHeroesTests.release.xcconfig */ = {isa = PBXFileReference; includeInIndex = 1; lastKnownFileType = text.xcconfig; name = "Pods-MarvelHeroesTests.release.xcconfig"; path = "Pods/Target Support Files/Pods-MarvelHeroesTests/Pods-MarvelHeroesTests.release.xcconfig"; sourceTree = "<group>"; };
		1024202F38D5401C71C4C9ED /* UIViewController+Container.swift */ = {isa = PBXFileReference; fileEncoding = 4; lastKnownFileType = sourcecode.swift; path = "UIViewController+Container.swift"; sourceTree = "<group>"; };
		10242103DD59B3E893841BF4 /* Stylesheet.swift */ = {isa = PBXFileReference; fileEncoding = 4; lastKnownFileType = sourcecode.swift; path = Stylesheet.swift; sourceTree = "<group>"; };
		1024213C57DCCEDCDDC31F10 /* UIView+Autolayout.swift */ = {isa = PBXFileReference; fileEncoding = 4; lastKnownFileType = sourcecode.swift; path = "UIView+Autolayout.swift"; sourceTree = "<group>"; };
		102421F75A92005DBA7F39A8 /* AppDelegate.swift */ = {isa = PBXFileReference; lastKnownFileType = sourcecode.swift; path = AppDelegate.swift; sourceTree = "<group>"; };
		1024228AD6A70847B2C86D56 /* Info.plist */ = {isa = PBXFileReference; lastKnownFileType = text.plist.info; path = Info.plist; sourceTree = "<group>"; };
		1024228EE605B388CF7C5F4D /* AppResources.swift */ = {isa = PBXFileReference; fileEncoding = 4; lastKnownFileType = sourcecode.swift; path = AppResources.swift; sourceTree = "<group>"; };
		102422A8DE401D6AC15954C5 /* MarvelHeroesTests.xctest */ = {isa = PBXFileReference; explicitFileType = wrapper.cfbundle; includeInIndex = 0; path = MarvelHeroesTests.xctest; sourceTree = BUILT_PRODUCTS_DIR; };
		102422A9632369CBA685D52F /* Base */ = {isa = PBXFileReference; lastKnownFileType = file.storyboard; name = Base; path = Base.lproj/LaunchScreen.storyboard; sourceTree = "<group>"; };
		1024230024D912156C09BBBD /* UITextFieldStyle.swift */ = {isa = PBXFileReference; fileEncoding = 4; lastKnownFileType = sourcecode.swift; path = UITextFieldStyle.swift; sourceTree = "<group>"; };
		1024240B270C3E75AD7585DC /* UIView+FrameLayout.swift */ = {isa = PBXFileReference; fileEncoding = 4; lastKnownFileType = sourcecode.swift; path = "UIView+FrameLayout.swift"; sourceTree = "<group>"; };
		10242454492AC35CFDF2ECB4 /* MarvelHeroes.xcdatamodel */ = {isa = PBXFileReference; lastKnownFileType = wrapper.xcdatamodel; path = MarvelHeroes.xcdatamodel; sourceTree = "<group>"; };
		102424A8396A7E781EF90EEC /* UIButtonStyle.swift */ = {isa = PBXFileReference; fileEncoding = 4; lastKnownFileType = sourcecode.swift; path = UIButtonStyle.swift; sourceTree = "<group>"; };
		102424C2D7A8368F3F86D499 /* CharacterListCellCommentPanel.swift */ = {isa = PBXFileReference; fileEncoding = 4; lastKnownFileType = sourcecode.swift; path = CharacterListCellCommentPanel.swift; sourceTree = "<group>"; };
		102424F65B5CB3E5AA5D8253 /* CharacterListCell.swift */ = {isa = PBXFileReference; fileEncoding = 4; lastKnownFileType = sourcecode.swift; path = CharacterListCell.swift; sourceTree = "<group>"; };
		1024253CC984B48FD09E6172 /* MarvelAPIAdapter.swift */ = {isa = PBXFileReference; fileEncoding = 4; lastKnownFileType = sourcecode.swift; path = MarvelAPIAdapter.swift; sourceTree = "<group>"; };
		102425711849F1019A89793D /* Character.swift */ = {isa = PBXFileReference; fileEncoding = 4; lastKnownFileType = sourcecode.swift; path = Character.swift; sourceTree = "<group>"; };
		102425B18155F41A8BEDA872 /* Assets.xcassets */ = {isa = PBXFileReference; lastKnownFileType = folder.assetcatalog; path = Assets.xcassets; sourceTree = "<group>"; };
		102425C4D5D6EA044E427775 /* CharacterListResponse.swift */ = {isa = PBXFileReference; fileEncoding = 4; lastKnownFileType = sourcecode.swift; path = CharacterListResponse.swift; sourceTree = "<group>"; };
		10242752A1F41C89AD47DEAE /* DebugKeyStoreManager.swift */ = {isa = PBXFileReference; fileEncoding = 4; lastKnownFileType = sourcecode.swift; path = DebugKeyStoreManager.swift; sourceTree = "<group>"; };
		102427720A170B6DFF3A29DA /* ResponsePageCollector.swift */ = {isa = PBXFileReference; fileEncoding = 4; lastKnownFileType = sourcecode.swift; path = ResponsePageCollector.swift; sourceTree = "<group>"; };
		102427ED45374D1D35F00C6D /* CommentEditorViewController.swift */ = {isa = PBXFileReference; fileEncoding = 4; lastKnownFileType = sourcecode.swift; path = CommentEditorViewController.swift; sourceTree = "<group>"; };
		102428127DB001AA656AA66C /* CharacterListCollectionManager.swift */ = {isa = PBXFileReference; fileEncoding = 4; lastKnownFileType = sourcecode.swift; path = CharacterListCollectionManager.swift; sourceTree = "<group>"; };
		102428A69935C909BEE2398A /* CharacterListViewController.swift */ = {isa = PBXFileReference; fileEncoding = 4; lastKnownFileType = sourcecode.swift; path = CharacterListViewController.swift; sourceTree = "<group>"; };
		10242949FF540940BDD5FB6D /* KeysEnterViewController.swift */ = {isa = PBXFileReference; fileEncoding = 4; lastKnownFileType = sourcecode.swift; path = KeysEnterViewController.swift; sourceTree = "<group>"; };
		1024297E5D7936A48E892E66 /* RootVCStatusBarStyleNavigationController.swift */ = {isa = PBXFileReference; fileEncoding = 4; lastKnownFileType = sourcecode.swift; path = RootVCStatusBarStyleNavigationController.swift; sourceTree = "<group>"; };
		10242A2715B07B40A360873F /* UILabelStyle.swift */ = {isa = PBXFileReference; fileEncoding = 4; lastKnownFileType = sourcecode.swift; path = UILabelStyle.swift; sourceTree = "<group>"; };
		10242AFBF4BD2F0B332BF653 /* UIViewStyle.swift */ = {isa = PBXFileReference; fileEncoding = 4; lastKnownFileType = sourcecode.swift; path = UIViewStyle.swift; sourceTree = "<group>"; };
		10242B68ECB016F9C9EEB668 /* MarvelHeroesTests.swift */ = {isa = PBXFileReference; lastKnownFileType = sourcecode.swift; path = MarvelHeroesTests.swift; sourceTree = "<group>"; };
		10242B9DA9C5C8468CC59606 /* NSAttributedString+BoundingSize.swift */ = {isa = PBXFileReference; fileEncoding = 4; lastKnownFileType = sourcecode.swift; path = "NSAttributedString+BoundingSize.swift"; sourceTree = "<group>"; };
		10242B9ED946006E7569D272 /* KeyboardControlHelper.swift */ = {isa = PBXFileReference; fileEncoding = 4; lastKnownFileType = sourcecode.swift; path = KeyboardControlHelper.swift; sourceTree = "<group>"; };
		10242C251DDC8F60369CE1D0 /* MarvelHeroes.app */ = {isa = PBXFileReference; explicitFileType = wrapper.application; includeInIndex = 0; path = MarvelHeroes.app; sourceTree = BUILT_PRODUCTS_DIR; };
		10242CBD80AB44F6DEB3F118 /* Info.plist */ = {isa = PBXFileReference; lastKnownFileType = text.plist.info; path = Info.plist; sourceTree = "<group>"; };
		10242CF2F2B40B5552659984 /* SceneDelegate.swift */ = {isa = PBXFileReference; lastKnownFileType = sourcecode.swift; path = SceneDelegate.swift; sourceTree = "<group>"; };
		10242D8D816F3376B9E481CD /* NSManagedObject+EntityName.swift */ = {isa = PBXFileReference; fileEncoding = 4; lastKnownFileType = sourcecode.swift; path = "NSManagedObject+EntityName.swift"; sourceTree = "<group>"; };
		10242DA540EB20F25CC4E0A2 /* CharacterListCommentSynchronizer.swift */ = {isa = PBXFileReference; fileEncoding = 4; lastKnownFileType = sourcecode.swift; path = CharacterListCommentSynchronizer.swift; sourceTree = "<group>"; };
		10242F0B02FC3F3CA50309E3 /* LayoutKeyboardControlHelper.swift */ = {isa = PBXFileReference; fileEncoding = 4; lastKnownFileType = sourcecode.swift; path = LayoutKeyboardControlHelper.swift; sourceTree = "<group>"; };
		10242F112523309FD72DD978 /* Dictionary+Additions.swift */ = {isa = PBXFileReference; fileEncoding = 4; lastKnownFileType = sourcecode.swift; path = "Dictionary+Additions.swift"; sourceTree = "<group>"; };
		10242FAB0E213FF018748FD8 /* Notification+Keyboard.swift */ = {isa = PBXFileReference; fileEncoding = 4; lastKnownFileType = sourcecode.swift; path = "Notification+Keyboard.swift"; sourceTree = "<group>"; };
		46CB01151123ED4A74379E34 /* Pods-MarvelHeroes.release.xcconfig */ = {isa = PBXFileReference; includeInIndex = 1; lastKnownFileType = text.xcconfig; name = "Pods-MarvelHeroes.release.xcconfig"; path = "Pods/Target Support Files/Pods-MarvelHeroes/Pods-MarvelHeroes.release.xcconfig"; sourceTree = "<group>"; };
		9EE31282755937E596E9FCF9 /* Pods-MarvelHeroes.debug.xcconfig */ = {isa = PBXFileReference; includeInIndex = 1; lastKnownFileType = text.xcconfig; name = "Pods-MarvelHeroes.debug.xcconfig"; path = "Pods/Target Support Files/Pods-MarvelHeroes/Pods-MarvelHeroes.debug.xcconfig"; sourceTree = "<group>"; };
		AB2F8742381C47074BAFE54B /* Pods_MarvelHeroesTests.framework */ = {isa = PBXFileReference; explicitFileType = wrapper.framework; includeInIndex = 0; path = Pods_MarvelHeroesTests.framework; sourceTree = BUILT_PRODUCTS_DIR; };
		B51C14C31ED9F1B42977604C /* Pods-MarvelHeroesTests.debug.xcconfig */ = {isa = PBXFileReference; includeInIndex = 1; lastKnownFileType = text.xcconfig; name = "Pods-MarvelHeroesTests.debug.xcconfig"; path = "Pods/Target Support Files/Pods-MarvelHeroesTests/Pods-MarvelHeroesTests.debug.xcconfig"; sourceTree = "<group>"; };
		C75D2D6A9AFE850435675933 /* Pods_MarvelHeroes.framework */ = {isa = PBXFileReference; explicitFileType = wrapper.framework; includeInIndex = 0; path = Pods_MarvelHeroes.framework; sourceTree = BUILT_PRODUCTS_DIR; };
/* End PBXFileReference section */

/* Begin PBXFrameworksBuildPhase section */
		102428B1CB3D6CA2715C1D38 /* Frameworks */ = {
			isa = PBXFrameworksBuildPhase;
			buildActionMask = 2147483647;
			files = (
				3C7C46AB09E8C9981F2DBF5F /* Pods_MarvelHeroesTests.framework in Frameworks */,
			);
			runOnlyForDeploymentPostprocessing = 0;
		};
		10242C28E757B27E292BBF0B /* Frameworks */ = {
			isa = PBXFrameworksBuildPhase;
			buildActionMask = 2147483647;
			files = (
				94BF5004CB71BADB013BC47C /* Pods_MarvelHeroes.framework in Frameworks */,
			);
			runOnlyForDeploymentPostprocessing = 0;
		};
/* End PBXFrameworksBuildPhase section */

/* Begin PBXGroup section */
		102420096D2FDDD198137CB0 /* ViewControllers */ = {
			isa = PBXGroup;
			children = (
				102428A691A8038C425F47BD /* KeysEnterViewController */,
				1024263CD49C88DE1C3E679C /* CharacterListViewController */,
				10242A5E249D891FC33539DF /* Common */,
				10242335A2B07563D270FB19 /* CommetEditorViewController */,
			);
			path = ViewControllers;
			sourceTree = "<group>";
		};
		1024203779E75EAA49D4ECC5 /* UI */ = {
			isa = PBXGroup;
			children = (
				10242C74F066C2D2B7F977B0 /* Extensions */,
				102420D07A5AFB6E970522F2 /* Stylesheet */,
			);
			path = UI;
			sourceTree = "<group>";
		};
		102420D07A5AFB6E970522F2 /* Stylesheet */ = {
			isa = PBXGroup;
			children = (
				10242103DD59B3E893841BF4 /* Stylesheet.swift */,
				10242A2715B07B40A360873F /* UILabelStyle.swift */,
				10242AFBF4BD2F0B332BF653 /* UIViewStyle.swift */,
				1024230024D912156C09BBBD /* UITextFieldStyle.swift */,
				102424A8396A7E781EF90EEC /* UIButtonStyle.swift */,
			);
			path = Stylesheet;
			sourceTree = "<group>";
		};
		10242105DDEBE9F654E53C8A /* Helpers */ = {
			isa = PBXGroup;
			children = (
				102429460D1D5002D3D8AA5C /* Keyboard */,
			);
			path = Helpers;
			sourceTree = "<group>";
		};
		1024210F6B0A2A126B3248A2 = {
			isa = PBXGroup;
			children = (
				10242B7497AFE7639BF644DF /* Products */,
				1024223099343955F1E88133 /* MarvelHeroes */,
				10242318CD88401FDD1EEC32 /* MarvelHeroesTests */,
				63C1A705D5574E081A0B52B4 /* Pods */,
				26735394D68699CF06256210 /* Frameworks */,
			);
			sourceTree = "<group>";
		};
		1024223099343955F1E88133 /* MarvelHeroes */ = {
			isa = PBXGroup;
			children = (
				10242CBD80AB44F6DEB3F118 /* Info.plist */,
				102425B18155F41A8BEDA872 /* Assets.xcassets */,
				10242F0776E060FCEF72C716 /* LaunchScreen.storyboard */,
				102421F75A92005DBA7F39A8 /* AppDelegate.swift */,
				102426C08156FA260679DD47 /* MarvelHeroes.xcdatamodeld */,
				10242CF2F2B40B5552659984 /* SceneDelegate.swift */,
				1024288B03DF1F0E7FA00758 /* Classes */,
			);
			path = MarvelHeroes;
			sourceTree = "<group>";
		};
		10242261ADB941F5283C1028 /* Base */ = {
			isa = PBXGroup;
			children = (
				102427720A170B6DFF3A29DA /* ResponsePageCollector.swift */,
			);
			path = Base;
			sourceTree = "<group>";
		};
		102422AC9C7A561A3EF74AED /* Resources */ = {
			isa = PBXGroup;
			children = (
				1024228EE605B388CF7C5F4D /* AppResources.swift */,
			);
			path = Resources;
			sourceTree = "<group>";
		};
		10242314F79D65E184FB5147 /* CoreData */ = {
			isa = PBXGroup;
			children = (
				10242D8D816F3376B9E481CD /* NSManagedObject+EntityName.swift */,
			);
			path = CoreData;
			sourceTree = "<group>";
		};
		10242318CD88401FDD1EEC32 /* MarvelHeroesTests */ = {
			isa = PBXGroup;
			children = (
				1024228AD6A70847B2C86D56 /* Info.plist */,
				10242B68ECB016F9C9EEB668 /* MarvelHeroesTests.swift */,
			);
			path = MarvelHeroesTests;
			sourceTree = "<group>";
		};
		10242335A2B07563D270FB19 /* CommetEditorViewController */ = {
			isa = PBXGroup;
			children = (
				102427ED45374D1D35F00C6D /* CommentEditorViewController.swift */,
			);
			path = CommetEditorViewController;
			sourceTree = "<group>";
		};
		102425F750225B038A792CB4 /* Cell */ = {
			isa = PBXGroup;
			children = (
				102424F65B5CB3E5AA5D8253 /* CharacterListCell.swift */,
				102424C2D7A8368F3F86D499 /* CharacterListCellCommentPanel.swift */,
			);
			path = Cell;
			sourceTree = "<group>";
		};
		1024263CD49C88DE1C3E679C /* CharacterListViewController */ = {
			isa = PBXGroup;
			children = (
				102428A69935C909BEE2398A /* CharacterListViewController.swift */,
				102428127DB001AA656AA66C /* CharacterListCollectionManager.swift */,
				10242DA540EB20F25CC4E0A2 /* CharacterListCommentSynchronizer.swift */,
				102425F750225B038A792CB4 /* Cell */,
			);
			path = CharacterListViewController;
			sourceTree = "<group>";
		};
		1024288B03DF1F0E7FA00758 /* Classes */ = {
			isa = PBXGroup;
			children = (
				102420096D2FDDD198137CB0 /* ViewControllers */,
				10242C4B975D9606480A18F6 /* API */,
				10242314F79D65E184FB5147 /* CoreData */,
				1024203779E75EAA49D4ECC5 /* UI */,
				102422AC9C7A561A3EF74AED /* Resources */,
				10242974B754D587111D025B /* Text */,
				10242105DDEBE9F654E53C8A /* Helpers */,
			);
			path = Classes;
			sourceTree = "<group>";
		};
		102428A691A8038C425F47BD /* KeysEnterViewController */ = {
			isa = PBXGroup;
			children = (
				10242949FF540940BDD5FB6D /* KeysEnterViewController.swift */,
			);
			path = KeysEnterViewController;
			sourceTree = "<group>";
		};
		102429460D1D5002D3D8AA5C /* Keyboard */ = {
			isa = PBXGroup;
			children = (
				10242B9ED946006E7569D272 /* KeyboardControlHelper.swift */,
				10242F0B02FC3F3CA50309E3 /* LayoutKeyboardControlHelper.swift */,
				10242FAB0E213FF018748FD8 /* Notification+Keyboard.swift */,
			);
			path = Keyboard;
			sourceTree = "<group>";
		};
		10242974B754D587111D025B /* Text */ = {
			isa = PBXGroup;
			children = (
				10242B9DA9C5C8468CC59606 /* NSAttributedString+BoundingSize.swift */,
			);
			path = Text;
			sourceTree = "<group>";
		};
		10242A5E249D891FC33539DF /* Common */ = {
			isa = PBXGroup;
			children = (
				1024297E5D7936A48E892E66 /* RootVCStatusBarStyleNavigationController.swift */,
			);
			path = Common;
			sourceTree = "<group>";
		};
		10242B7497AFE7639BF644DF /* Products */ = {
			isa = PBXGroup;
			children = (
				10242C251DDC8F60369CE1D0 /* MarvelHeroes.app */,
				102422A8DE401D6AC15954C5 /* MarvelHeroesTests.xctest */,
			);
			name = Products;
			sourceTree = "<group>";
		};
		10242C4B975D9606480A18F6 /* API */ = {
			isa = PBXGroup;
			children = (
				10242F01A2D5FB7DA5352576 /* Debug */,
				1024253CC984B48FD09E6172 /* MarvelAPIAdapter.swift */,
				10242FF9654BBD5E256B8BE3 /* Objects */,
				10242D22D823986458943CC1 /* Extensions */,
			);
			path = API;
			sourceTree = "<group>";
		};
		10242C74F066C2D2B7F977B0 /* Extensions */ = {
			isa = PBXGroup;
			children = (
				1024240B270C3E75AD7585DC /* UIView+FrameLayout.swift */,
				1024213C57DCCEDCDDC31F10 /* UIView+Autolayout.swift */,
				1024202F38D5401C71C4C9ED /* UIViewController+Container.swift */,
			);
			path = Extensions;
			sourceTree = "<group>";
		};
		10242D22D823986458943CC1 /* Extensions */ = {
			isa = PBXGroup;
			children = (
				10242F112523309FD72DD978 /* Dictionary+Additions.swift */,
			);
			path = Extensions;
			sourceTree = "<group>";
		};
		10242F01A2D5FB7DA5352576 /* Debug */ = {
			isa = PBXGroup;
			children = (
				10242752A1F41C89AD47DEAE /* DebugKeyStoreManager.swift */,
			);
			path = Debug;
			sourceTree = "<group>";
		};
		10242FF9654BBD5E256B8BE3 /* Objects */ = {
			isa = PBXGroup;
			children = (
				102425711849F1019A89793D /* Character.swift */,
				102425C4D5D6EA044E427775 /* CharacterListResponse.swift */,
				10242261ADB941F5283C1028 /* Base */,
			);
			path = Objects;
			sourceTree = "<group>";
		};
		26735394D68699CF06256210 /* Frameworks */ = {
			isa = PBXGroup;
			children = (
				C75D2D6A9AFE850435675933 /* Pods_MarvelHeroes.framework */,
				AB2F8742381C47074BAFE54B /* Pods_MarvelHeroesTests.framework */,
			);
			name = Frameworks;
			sourceTree = "<group>";
		};
		63C1A705D5574E081A0B52B4 /* Pods */ = {
			isa = PBXGroup;
			children = (
				9EE31282755937E596E9FCF9 /* Pods-MarvelHeroes.debug.xcconfig */,
				46CB01151123ED4A74379E34 /* Pods-MarvelHeroes.release.xcconfig */,
				B51C14C31ED9F1B42977604C /* Pods-MarvelHeroesTests.debug.xcconfig */,
				0291237BF2D339D905F4DE35 /* Pods-MarvelHeroesTests.release.xcconfig */,
			);
			name = Pods;
			sourceTree = "<group>";
		};
/* End PBXGroup section */

/* Begin PBXNativeTarget section */
		1024200C35581FCDDA8B9BAF /* MarvelHeroes */ = {
			isa = PBXNativeTarget;
			buildConfigurationList = 10242D23298FB14447652BA9 /* Build configuration list for PBXNativeTarget "MarvelHeroes" */;
			buildPhases = (
				90D47145FE0B68A3090D380A /* [CP] Check Pods Manifest.lock */,
				10242B719321FAAA2851F23A /* Sources */,
				10242C28E757B27E292BBF0B /* Frameworks */,
				102427AF855E62D2A3CB3512 /* Resources */,
				E4D92063DE7F059B01214BB7 /* [CP] Embed Pods Frameworks */,
			);
			buildRules = (
			);
			dependencies = (
			);
			name = MarvelHeroes;
			productName = MarvelHeroes;
			productReference = 10242C251DDC8F60369CE1D0 /* MarvelHeroes.app */;
			productType = "com.apple.product-type.application";
		};
		10242754BB1D5B6F78217C7A /* MarvelHeroesTests */ = {
			isa = PBXNativeTarget;
			buildConfigurationList = 10242D5E7A7065587593C703 /* Build configuration list for PBXNativeTarget "MarvelHeroesTests" */;
			buildPhases = (
				0BAEDF7C6B26AD350FF580D4 /* [CP] Check Pods Manifest.lock */,
				10242744F154FFEE7A724770 /* Sources */,
				102428B1CB3D6CA2715C1D38 /* Frameworks */,
				102425FD8BFF902B8BB88945 /* Resources */,
			);
			buildRules = (
			);
			dependencies = (
				102424FC90411705276A3CB9 /* PBXTargetDependency */,
			);
			name = MarvelHeroesTests;
			productName = MarvelHeroesTests;
			productReference = 102422A8DE401D6AC15954C5 /* MarvelHeroesTests.xctest */;
			productType = "com.apple.product-type.bundle.unit-test";
		};
/* End PBXNativeTarget section */

/* Begin PBXProject section */
		102429F681C585FBBC332AF7 /* Project object */ = {
			isa = PBXProject;
			attributes = {
				ORGANIZATIONNAME = "___FULLUSERNAME___";
			};
			buildConfigurationList = 102421F38A079A13E09027B5 /* Build configuration list for PBXProject "MarvelHeroes" */;
			compatibilityVersion = "Xcode 3.2";
			developmentRegion = English;
			hasScannedForEncodings = 0;
			knownRegions = (
				English,
				en,
				Base,
			);
			mainGroup = 1024210F6B0A2A126B3248A2;
			productRefGroup = 10242B7497AFE7639BF644DF /* Products */;
			projectDirPath = "";
			projectRoot = "";
			targets = (
				1024200C35581FCDDA8B9BAF /* MarvelHeroes */,
				10242754BB1D5B6F78217C7A /* MarvelHeroesTests */,
			);
		};
/* End PBXProject section */

/* Begin PBXResourcesBuildPhase section */
		102425FD8BFF902B8BB88945 /* Resources */ = {
			isa = PBXResourcesBuildPhase;
			buildActionMask = 2147483647;
			files = (
			);
			runOnlyForDeploymentPostprocessing = 0;
		};
		102427AF855E62D2A3CB3512 /* Resources */ = {
			isa = PBXResourcesBuildPhase;
			buildActionMask = 2147483647;
			files = (
				10242B608170FC5A1660061A /* Assets.xcassets in Resources */,
				1024286C19A5969DE3A10E4A /* LaunchScreen.storyboard in Resources */,
			);
			runOnlyForDeploymentPostprocessing = 0;
		};
/* End PBXResourcesBuildPhase section */

/* Begin PBXShellScriptBuildPhase section */
		0BAEDF7C6B26AD350FF580D4 /* [CP] Check Pods Manifest.lock */ = {
			isa = PBXShellScriptBuildPhase;
			buildActionMask = 2147483647;
			files = (
			);
			inputFileListPaths = (
			);
			inputPaths = (
				"${PODS_PODFILE_DIR_PATH}/Podfile.lock",
				"${PODS_ROOT}/Manifest.lock",
			);
			name = "[CP] Check Pods Manifest.lock";
			outputFileListPaths = (
			);
			outputPaths = (
				"$(DERIVED_FILE_DIR)/Pods-MarvelHeroesTests-checkManifestLockResult.txt",
			);
			runOnlyForDeploymentPostprocessing = 0;
			shellPath = /bin/sh;
			shellScript = "diff \"${PODS_PODFILE_DIR_PATH}/Podfile.lock\" \"${PODS_ROOT}/Manifest.lock\" > /dev/null\nif [ $? != 0 ] ; then\n    # print error to STDERR\n    echo \"error: The sandbox is not in sync with the Podfile.lock. Run 'pod install' or update your CocoaPods installation.\" >&2\n    exit 1\nfi\n# This output is used by Xcode 'outputs' to avoid re-running this script phase.\necho \"SUCCESS\" > \"${SCRIPT_OUTPUT_FILE_0}\"\n";
			showEnvVarsInLog = 0;
		};
		90D47145FE0B68A3090D380A /* [CP] Check Pods Manifest.lock */ = {
			isa = PBXShellScriptBuildPhase;
			buildActionMask = 2147483647;
			files = (
			);
			inputFileListPaths = (
			);
			inputPaths = (
				"${PODS_PODFILE_DIR_PATH}/Podfile.lock",
				"${PODS_ROOT}/Manifest.lock",
			);
			name = "[CP] Check Pods Manifest.lock";
			outputFileListPaths = (
			);
			outputPaths = (
				"$(DERIVED_FILE_DIR)/Pods-MarvelHeroes-checkManifestLockResult.txt",
			);
			runOnlyForDeploymentPostprocessing = 0;
			shellPath = /bin/sh;
			shellScript = "diff \"${PODS_PODFILE_DIR_PATH}/Podfile.lock\" \"${PODS_ROOT}/Manifest.lock\" > /dev/null\nif [ $? != 0 ] ; then\n    # print error to STDERR\n    echo \"error: The sandbox is not in sync with the Podfile.lock. Run 'pod install' or update your CocoaPods installation.\" >&2\n    exit 1\nfi\n# This output is used by Xcode 'outputs' to avoid re-running this script phase.\necho \"SUCCESS\" > \"${SCRIPT_OUTPUT_FILE_0}\"\n";
			showEnvVarsInLog = 0;
		};
		E4D92063DE7F059B01214BB7 /* [CP] Embed Pods Frameworks */ = {
			isa = PBXShellScriptBuildPhase;
			buildActionMask = 2147483647;
			files = (
			);
			inputFileListPaths = (
			);
			inputPaths = (
				"${SRCROOT}/Pods/Target Support Files/Pods-MarvelHeroes/Pods-MarvelHeroes-frameworks.sh",
				"${BUILT_PRODUCTS_DIR}/AFNetworking/AFNetworking.framework",
			);
			name = "[CP] Embed Pods Frameworks";
			outputFileListPaths = (
			);
			outputPaths = (
				"${TARGET_BUILD_DIR}/${FRAMEWORKS_FOLDER_PATH}/AFNetworking.framework",
			);
			runOnlyForDeploymentPostprocessing = 0;
			shellPath = /bin/sh;
			shellScript = "\"${SRCROOT}/Pods/Target Support Files/Pods-MarvelHeroes/Pods-MarvelHeroes-frameworks.sh\"\n";
			showEnvVarsInLog = 0;
		};
/* End PBXShellScriptBuildPhase section */

/* Begin PBXSourcesBuildPhase section */
		10242744F154FFEE7A724770 /* Sources */ = {
			isa = PBXSourcesBuildPhase;
			buildActionMask = 2147483647;
			files = (
				1024279459369BD7D817575C /* MarvelHeroesTests.swift in Sources */,
			);
			runOnlyForDeploymentPostprocessing = 0;
		};
		10242B719321FAAA2851F23A /* Sources */ = {
			isa = PBXSourcesBuildPhase;
			buildActionMask = 2147483647;
			files = (
				10242C9D8668C75EADF0ACD2 /* AppDelegate.swift in Sources */,
				10242581CFB03723B1018BF7 /* MarvelHeroes.xcdatamodeld in Sources */,
				102421651CF320BE84CB023E /* SceneDelegate.swift in Sources */,
				10242AF0D1D85DF4BDB76B87 /* KeysEnterViewController.swift in Sources */,
				102427F8A51F9A32FC6AD7F9 /* DebugKeyStoreManager.swift in Sources */,
				1024284832BA82320FB48AE2 /* NSManagedObject+EntityName.swift in Sources */,
				10242426D498D39FAE6014F4 /* UIView+FrameLayout.swift in Sources */,
				102425A61044126B21207341 /* UIView+Autolayout.swift in Sources */,
				10242A1D4585E85CB0303634 /* Stylesheet.swift in Sources */,
				102425C868F9F3A5C3DE71B4 /* UILabelStyle.swift in Sources */,
				102428D1BB972B730921659F /* UIViewStyle.swift in Sources */,
				10242709A90A19C7BF756DA3 /* AppResources.swift in Sources */,
				1024279CAC4F3F2372931EED /* CharacterListViewController.swift in Sources */,
				10242342C95D94CAB753861A /* MarvelAPIAdapter.swift in Sources */,
				102422E914E07C3956188AD8 /* Character.swift in Sources */,
				1024209A3C4670E594742705 /* UITextFieldStyle.swift in Sources */,
				102422CC7AAA467CA0CCEB85 /* UIViewController+Container.swift in Sources */,
				102420E24CFCC9EEC1B31C13 /* UIButtonStyle.swift in Sources */,
				102424CB926731AD696AAAC5 /* RootVCStatusBarStyleNavigationController.swift in Sources */,
				10242CAE5458513DD0CFE8E0 /* CharacterListResponse.swift in Sources */,
				10242C141B92F9C2B18B0DAB /* ResponsePageCollector.swift in Sources */,
				10242E103503B773EE1BB550 /* Dictionary+Additions.swift in Sources */,
				102423A9F7647F79CEB2BA61 /* NSAttributedString+BoundingSize.swift in Sources */,
				10242012ACF35EE4D07DD600 /* CharacterListCollectionManager.swift in Sources */,
				102429F3C9C1244182587D15 /* CharacterListCommentSynchronizer.swift in Sources */,
				102421E7B19FF0C9FF4A18C5 /* CharacterListCell.swift in Sources */,
				10242715C175E2D60122E36E /* CharacterListCellCommentPanel.swift in Sources */,
				102425EE796EE886C29985AF /* CommentEditorViewController.swift in Sources */,
				10242130655C6026D03ECD2F /* KeyboardControlHelper.swift in Sources */,
				10242FD3FFF5B6CB59526D1B /* LayoutKeyboardControlHelper.swift in Sources */,
				102427C23D2029447768E0A2 /* Notification+Keyboard.swift in Sources */,
			);
			runOnlyForDeploymentPostprocessing = 0;
		};
/* End PBXSourcesBuildPhase section */

/* Begin PBXTargetDependency section */
		102424FC90411705276A3CB9 /* PBXTargetDependency */ = {
			isa = PBXTargetDependency;
			target = 1024200C35581FCDDA8B9BAF /* MarvelHeroes */;
			targetProxy = 102420098FB82868F6D418D7 /* PBXContainerItemProxy */;
		};
/* End PBXTargetDependency section */

/* Begin PBXVariantGroup section */
		10242F0776E060FCEF72C716 /* LaunchScreen.storyboard */ = {
			isa = PBXVariantGroup;
			children = (
				102422A9632369CBA685D52F /* Base */,
			);
			name = LaunchScreen.storyboard;
			sourceTree = "<group>";
		};
/* End PBXVariantGroup section */

/* Begin XCBuildConfiguration section */
		1024235F8B8DB37FA6170107 /* Debug */ = {
			isa = XCBuildConfiguration;
			baseConfigurationReference = 9EE31282755937E596E9FCF9 /* Pods-MarvelHeroes.debug.xcconfig */;
			buildSettings = {
				ASSETCATALOG_COMPILER_APPICON_NAME = AppIcon;
				INFOPLIST_FILE = MarvelHeroes/Info.plist;
				LD_RUNPATH_SEARCH_PATHS = "$(inherited) @executable_path/Frameworks";
				PRODUCT_BUNDLE_IDENTIFIER = com.arsynthdev.MarvelHeroes;
				PRODUCT_NAME = "$(TARGET_NAME)";
				SWIFT_VERSION = 5.0;
				TARGETED_DEVICE_FAMILY = "1,2";
			};
			name = Debug;
		};
		102423D2CB709E4486E677A7 /* Debug */ = {
			isa = XCBuildConfiguration;
			baseConfigurationReference = B51C14C31ED9F1B42977604C /* Pods-MarvelHeroesTests.debug.xcconfig */;
			buildSettings = {
				BUNDLE_LOADER = "$(BUILT_PRODUCTS_DIR)/MarvelHeroes.app/MarvelHeroes";
				INFOPLIST_FILE = MarvelHeroesTests/Info.plist;
				LD_RUNPATH_SEARCH_PATHS = "$(inherited) @executable_path/Frameworks @loader_path/Frameworks";
				PRODUCT_BUNDLE_IDENTIFIER = com.arsynthdev.MarvelHeroesTests;
				PRODUCT_NAME = "$(TARGET_NAME)";
				SWIFT_VERSION = 5.0;
				TARGETED_DEVICE_FAMILY = "1,2";
				TEST_HOST = "$(BUNDLE_LOADER)";
			};
			name = Debug;
		};
		102424B7D84162258C340CC7 /* Release */ = {
			isa = XCBuildConfiguration;
			baseConfigurationReference = 0291237BF2D339D905F4DE35 /* Pods-MarvelHeroesTests.release.xcconfig */;
			buildSettings = {
				BUNDLE_LOADER = "$(BUILT_PRODUCTS_DIR)/MarvelHeroes.app/MarvelHeroes";
				INFOPLIST_FILE = MarvelHeroesTests/Info.plist;
				LD_RUNPATH_SEARCH_PATHS = "$(inherited) @executable_path/Frameworks @loader_path/Frameworks";
				PRODUCT_BUNDLE_IDENTIFIER = com.arsynthdev.MarvelHeroesTests;
				PRODUCT_NAME = "$(TARGET_NAME)";
				SWIFT_VERSION = 5.0;
				TARGETED_DEVICE_FAMILY = "1,2";
				TEST_HOST = "$(BUNDLE_LOADER)";
			};
			name = Release;
		};
		102425A99CB02A77C84D9C70 /* Debug */ = {
			isa = XCBuildConfiguration;
			buildSettings = {
				ALWAYS_SEARCH_USER_PATHS = NO;
				CLANG_ANALYZER_NONNULL = YES;
				CLANG_ANALYZER_NUMBER_OBJECT_CONVERSION = YES_AGGRESSIVE;
				CLANG_CXX_LANGUAGE_STANDARD = "gnu++14";
				CLANG_CXX_LIBRARY = "libc++";
				CLANG_ENABLE_MODULES = YES;
				CLANG_ENABLE_OBJC_ARC = YES;
				CLANG_ENABLE_OBJC_WEAK = YES;
				CLANG_WARN_BLOCK_CAPTURE_AUTORELEASING = YES;
				CLANG_WARN_BOOL_CONVERSION = YES;
				CLANG_WARN_COMMA = YES;
				CLANG_WARN_CONSTANT_CONVERSION = YES;
				CLANG_WARN_DEPRECATED_OBJC_IMPLEMENTATIONS = YES;
				CLANG_WARN_DIRECT_OBJC_ISA_USAGE = YES_ERROR;
				CLANG_WARN_DOCUMENTATION_COMMENTS = YES;
				CLANG_WARN_EMPTY_BODY = YES;
				CLANG_WARN_ENUM_CONVERSION = YES;
				CLANG_WARN_INFINITE_RECURSION = YES;
				CLANG_WARN_INT_CONVERSION = YES;
				CLANG_WARN_NON_LITERAL_NULL_CONVERSION = YES;
				CLANG_WARN_OBJC_IMPLICIT_RETAIN_SELF = YES;
				CLANG_WARN_OBJC_LITERAL_CONVERSION = YES;
				CLANG_WARN_OBJC_ROOT_CLASS = YES_ERROR;
				CLANG_WARN_RANGE_LOOP_ANALYSIS = YES;
				CLANG_WARN_STRICT_PROTOTYPES = YES;
				CLANG_WARN_SUSPICIOUS_MOVE = YES;
				CLANG_WARN_UNGUARDED_AVAILABILITY = YES_AGGRESSIVE;
				CLANG_WARN_UNREACHABLE_CODE = YES;
				CLANG_WARN__DUPLICATE_METHOD_MATCH = YES;
				COPY_PHASE_STRIP = NO;
				DEBUG_INFORMATION_FORMAT = dwarf;
				ENABLE_STRICT_OBJC_MSGSEND = YES;
				ENABLE_TESTABILITY = YES;
				GCC_C_LANGUAGE_STANDARD = gnu11;
				GCC_DYNAMIC_NO_PIC = NO;
				GCC_NO_COMMON_BLOCKS = YES;
				GCC_OPTIMIZATION_LEVEL = 0;
				GCC_PREPROCESSOR_DEFINITIONS = (
					"DEBUG=1",
					"$(inherited)",
				);
				GCC_WARN_64_TO_32_BIT_CONVERSION = YES;
				GCC_WARN_ABOUT_RETURN_TYPE = YES_ERROR;
				GCC_WARN_UNDECLARED_SELECTOR = YES;
				GCC_WARN_UNINITIALIZED_AUTOS = YES_AGGRESSIVE;
				GCC_WARN_UNUSED_FUNCTION = YES;
				GCC_WARN_UNUSED_VARIABLE = YES;
				IPHONEOS_DEPLOYMENT_TARGET = 13.2;
				MTL_ENABLE_DEBUG_INFO = INCLUDE_SOURCE;
				MTL_FAST_MATH = YES;
				ONLY_ACTIVE_ARCH = YES;
				SDKROOT = iphoneos;
				SWIFT_ACTIVE_COMPILATION_CONDITIONS = DEBUG;
				SWIFT_OPTIMIZATION_LEVEL = "-Onone";
			};
			name = Debug;
		};
		10242BC7A2B6269596557F61 /* Release */ = {
			isa = XCBuildConfiguration;
			baseConfigurationReference = 46CB01151123ED4A74379E34 /* Pods-MarvelHeroes.release.xcconfig */;
			buildSettings = {
				ASSETCATALOG_COMPILER_APPICON_NAME = AppIcon;
				INFOPLIST_FILE = MarvelHeroes/Info.plist;
				LD_RUNPATH_SEARCH_PATHS = "$(inherited) @executable_path/Frameworks";
				PRODUCT_BUNDLE_IDENTIFIER = com.arsynthdev.MarvelHeroes;
				PRODUCT_NAME = "$(TARGET_NAME)";
				SWIFT_VERSION = 5.0;
				TARGETED_DEVICE_FAMILY = "1,2";
			};
			name = Release;
		};
		10242FDF9544D6E6DA4ECA78 /* Release */ = {
			isa = XCBuildConfiguration;
			buildSettings = {
				ALWAYS_SEARCH_USER_PATHS = NO;
				CLANG_ANALYZER_NONNULL = YES;
				CLANG_ANALYZER_NUMBER_OBJECT_CONVERSION = YES_AGGRESSIVE;
				CLANG_CXX_LANGUAGE_STANDARD = "gnu++14";
				CLANG_CXX_LIBRARY = "libc++";
				CLANG_ENABLE_MODULES = YES;
				CLANG_ENABLE_OBJC_ARC = YES;
				CLANG_ENABLE_OBJC_WEAK = YES;
				CLANG_WARN_BLOCK_CAPTURE_AUTORELEASING = YES;
				CLANG_WARN_BOOL_CONVERSION = YES;
				CLANG_WARN_COMMA = YES;
				CLANG_WARN_CONSTANT_CONVERSION = YES;
				CLANG_WARN_DEPRECATED_OBJC_IMPLEMENTATIONS = YES;
				CLANG_WARN_DIRECT_OBJC_ISA_USAGE = YES_ERROR;
				CLANG_WARN_DOCUMENTATION_COMMENTS = YES;
				CLANG_WARN_EMPTY_BODY = YES;
				CLANG_WARN_ENUM_CONVERSION = YES;
				CLANG_WARN_INFINITE_RECURSION = YES;
				CLANG_WARN_INT_CONVERSION = YES;
				CLANG_WARN_NON_LITERAL_NULL_CONVERSION = YES;
				CLANG_WARN_OBJC_IMPLICIT_RETAIN_SELF = YES;
				CLANG_WARN_OBJC_LITERAL_CONVERSION = YES;
				CLANG_WARN_OBJC_ROOT_CLASS = YES_ERROR;
				CLANG_WARN_RANGE_LOOP_ANALYSIS = YES;
				CLANG_WARN_STRICT_PROTOTYPES = YES;
				CLANG_WARN_SUSPICIOUS_MOVE = YES;
				CLANG_WARN_UNGUARDED_AVAILABILITY = YES_AGGRESSIVE;
				CLANG_WARN_UNREACHABLE_CODE = YES;
				CLANG_WARN__DUPLICATE_METHOD_MATCH = YES;
				COPY_PHASE_STRIP = NO;
				DEBUG_INFORMATION_FORMAT = "dwarf-with-dsym";
				ENABLE_NS_ASSERTIONS = NO;
				ENABLE_STRICT_OBJC_MSGSEND = YES;
				GCC_C_LANGUAGE_STANDARD = gnu11;
				GCC_NO_COMMON_BLOCKS = YES;
				GCC_WARN_64_TO_32_BIT_CONVERSION = YES;
				GCC_WARN_ABOUT_RETURN_TYPE = YES_ERROR;
				GCC_WARN_UNDECLARED_SELECTOR = YES;
				GCC_WARN_UNINITIALIZED_AUTOS = YES_AGGRESSIVE;
				GCC_WARN_UNUSED_FUNCTION = YES;
				GCC_WARN_UNUSED_VARIABLE = YES;
				IPHONEOS_DEPLOYMENT_TARGET = 13.2;
				MTL_ENABLE_DEBUG_INFO = NO;
				MTL_FAST_MATH = YES;
				SDKROOT = iphoneos;
				SWIFT_OPTIMIZATION_LEVEL = "-Owholemodule";
				VALIDATE_PRODUCT = YES;
			};
			name = Release;
		};
/* End XCBuildConfiguration section */

/* Begin XCConfigurationList section */
		102421F38A079A13E09027B5 /* Build configuration list for PBXProject "MarvelHeroes" */ = {
			isa = XCConfigurationList;
			buildConfigurations = (
				102425A99CB02A77C84D9C70 /* Debug */,
				10242FDF9544D6E6DA4ECA78 /* Release */,
			);
			defaultConfigurationIsVisible = 0;
			defaultConfigurationName = Release;
		};
		10242D23298FB14447652BA9 /* Build configuration list for PBXNativeTarget "MarvelHeroes" */ = {
			isa = XCConfigurationList;
			buildConfigurations = (
				1024235F8B8DB37FA6170107 /* Debug */,
				10242BC7A2B6269596557F61 /* Release */,
			);
			defaultConfigurationIsVisible = 0;
			defaultConfigurationName = Release;
		};
		10242D5E7A7065587593C703 /* Build configuration list for PBXNativeTarget "MarvelHeroesTests" */ = {
			isa = XCConfigurationList;
			buildConfigurations = (
				102423D2CB709E4486E677A7 /* Debug */,
				102424B7D84162258C340CC7 /* Release */,
			);
			defaultConfigurationIsVisible = 0;
			defaultConfigurationName = Release;
		};
/* End XCConfigurationList section */

/* Begin XCVersionGroup section */
		102426C08156FA260679DD47 /* MarvelHeroes.xcdatamodeld */ = {
			isa = XCVersionGroup;
			children = (
				10242454492AC35CFDF2ECB4 /* MarvelHeroes.xcdatamodel */,
			);
			currentVersion = 10242454492AC35CFDF2ECB4 /* MarvelHeroes.xcdatamodel */;
			path = MarvelHeroes.xcdatamodeld;
			sourceTree = "<group>";
			versionGroupType = wrapper.xcdatamodel;
		};
/* End XCVersionGroup section */
	};
	rootObject = 102429F681C585FBBC332AF7 /* Project object */;
}
